
Microsoft Visual Studio Solution File, Format Version 12.00
# Visual Studio Version 17
VisualStudioVersion = 17.2.32630.192
MinimumVisualStudioVersion = 10.0.40219.1
Project("{FAE04EC0-301F-11D3-BF4B-00C04F79EFBC}") = "TUP_PI_EF_Qatar2022", "TUP_PI_EF_Qatar2022.csproj", "{66D4DDDA-16AA-42E9-8786-4AD89211CDEA}"
EndProject
Global
	GlobalSection(SolutionConfigurationPlatforms) = preSolution
		Debug|Any CPU = Debug|Any CPU
		Release|Any CPU = Release|Any CPU
	EndGlobalSection
	GlobalSection(ProjectConfigurationPlatforms) = postSolution
		{66D4DDDA-16AA-42E9-8786-4AD89211CDEA}.Debug|Any CPU.ActiveCfg = Debug|Any CPU
		{66D4DDDA-16AA-42E9-8786-4AD89211CDEA}.Debug|Any CPU.Build.0 = Debug|Any CPU
		{66D4DDDA-16AA-42E9-8786-4AD89211CDEA}.Release|Any CPU.ActiveCfg = Release|Any CPU
		{66D4DDDA-16AA-42E9-8786-4AD89211CDEA}.Release|Any CPU.Build.0 = Release|Any CPU
	EndGlobalSection
	GlobalSection(SolutionProperties) = preSolution
		HideSolutionNode = FALSE
	EndGlobalSection
	GlobalSection(ExtensibilityGlobals) = postSolution
		SolutionGuid = {B28A95A3-A767-4C44-B3DA-89EF4EB56596}
	EndGlobalSection
EndGlobal
